
Microsoft Visual Studio Solution File, Format Version 12.00
# Visual Studio Version 17
VisualStudioVersion = 17.5.33516.290
MinimumVisualStudioVersion = 10.0.40219.1
Project("{9A19103F-16F7-4668-BE54-9A1E7A4F7556}") = "GetWorkDay", "GetWorkDay\GetWorkDay.csproj", "{0262F396-54B6-469E-A00C-6F034FE8AE4E}"
EndProject
Project("{FAE04EC0-301F-11D3-BF4B-00C04F79EFBC}") = "MakeReport", "MakeReport\MakeReport.csproj", "{F4C30B45-02C1-493C-8DA0-9CFF90FECADE}"
EndProject
Project("{FAE04EC0-301F-11D3-BF4B-00C04F79EFBC}") = "Model", "Model\Model.csproj", "{12235C5A-2DE3-4C67-AD4A-44E27270BDCC}"
EndProject
Project("{54435603-DBB4-11D2-8724-00A0C9A8B90C}") = "ReportWorkSetup", "ReportWorkSetup\ReportWorkSetup.vdproj", "{2BE600A4-E4CF-4A89-A6BA-F4C537FDD6DC}"
EndProject
Global
	GlobalSection(SolutionConfigurationPlatforms) = preSolution
		Debug|Any CPU = Debug|Any CPU
		Release|Any CPU = Release|Any CPU
	EndGlobalSection
	GlobalSection(ProjectConfigurationPlatforms) = postSolution
		{0262F396-54B6-469E-A00C-6F034FE8AE4E}.Debug|Any CPU.ActiveCfg = Debug|Any CPU
		{0262F396-54B6-469E-A00C-6F034FE8AE4E}.Debug|Any CPU.Build.0 = Debug|Any CPU
		{0262F396-54B6-469E-A00C-6F034FE8AE4E}.Release|Any CPU.ActiveCfg = Release|Any CPU
		{0262F396-54B6-469E-A00C-6F034FE8AE4E}.Release|Any CPU.Build.0 = Release|Any CPU
		{F4C30B45-02C1-493C-8DA0-9CFF90FECADE}.Debug|Any CPU.ActiveCfg = Debug|Any CPU
		{F4C30B45-02C1-493C-8DA0-9CFF90FECADE}.Debug|Any CPU.Build.0 = Debug|Any CPU
		{F4C30B45-02C1-493C-8DA0-9CFF90FECADE}.Release|Any CPU.ActiveCfg = Release|Any CPU
		{F4C30B45-02C1-493C-8DA0-9CFF90FECADE}.Release|Any CPU.Build.0 = Release|Any CPU
		{12235C5A-2DE3-4C67-AD4A-44E27270BDCC}.Debug|Any CPU.ActiveCfg = Debug|Any CPU
		{12235C5A-2DE3-4C67-AD4A-44E27270BDCC}.Debug|Any CPU.Build.0 = Debug|Any CPU
		{12235C5A-2DE3-4C67-AD4A-44E27270BDCC}.Release|Any CPU.ActiveCfg = Release|Any CPU
		{12235C5A-2DE3-4C67-AD4A-44E27270BDCC}.Release|Any CPU.Build.0 = Release|Any CPU
		{2BE600A4-E4CF-4A89-A6BA-F4C537FDD6DC}.Debug|Any CPU.ActiveCfg = Debug
		{2BE600A4-E4CF-4A89-A6BA-F4C537FDD6DC}.Release|Any CPU.ActiveCfg = Release
	EndGlobalSection
	GlobalSection(SolutionProperties) = preSolution
		HideSolutionNode = FALSE
	EndGlobalSection
	GlobalSection(ExtensibilityGlobals) = postSolution
		SolutionGuid = {882C9F71-089C-43CC-83AA-C85889A9EAAF}
	EndGlobalSection
EndGlobal
